
Microsoft Visual Studio Solution File, Format Version 12.00
# Visual Studio Version 16
VisualStudioVersion = 16.0.29911.84
MinimumVisualStudioVersion = 10.0.40219.1
Project("{FAE04EC0-301F-11D3-BF4B-00C04F79EFBC}") = "lab6", "lab6.csproj", "{2D52781E-E422-4037-A413-B6C022D18C2A}"
EndProject
Global
	GlobalSection(SolutionConfigurationPlatforms) = preSolution
		Debug|Any CPU = Debug|Any CPU
		Release|Any CPU = Release|Any CPU
	EndGlobalSection
	GlobalSection(ProjectConfigurationPlatforms) = postSolution
		{2D52781E-E422-4037-A413-B6C022D18C2A}.Debug|Any CPU.ActiveCfg = Debug|Any CPU
		{2D52781E-E422-4037-A413-B6C022D18C2A}.Debug|Any CPU.Build.0 = Debug|Any CPU
		{2D52781E-E422-4037-A413-B6C022D18C2A}.Release|Any CPU.ActiveCfg = Release|Any CPU
		{2D52781E-E422-4037-A413-B6C022D18C2A}.Release|Any CPU.Build.0 = Release|Any CPU
	EndGlobalSection
	GlobalSection(SolutionProperties) = preSolution
		HideSolutionNode = FALSE
	EndGlobalSection
	GlobalSection(ExtensibilityGlobals) = postSolution
		SolutionGuid = {8C1A8B37-641B-473F-8C64-4D039DE762AB}
	EndGlobalSection
EndGlobal
